
Microsoft Visual Studio Solution File, Format Version 12.00
# Visual Studio Version 17
VisualStudioVersion = 17.1.31911.260
MinimumVisualStudioVersion = 10.0.40219.1
Project("{FAE04EC0-301F-11D3-BF4B-00C04F79EFBC}") = "CompareONEToIB", "CompareONEToIB\CompareONEToIB.csproj", "{03069F63-3038-4A0D-BA56-7F48424C4174}"
EndProject
Global
	GlobalSection(SolutionConfigurationPlatforms) = preSolution
		Debug|Any CPU = Debug|Any CPU
		Release|Any CPU = Release|Any CPU
	EndGlobalSection
	GlobalSection(ProjectConfigurationPlatforms) = postSolution
		{03069F63-3038-4A0D-BA56-7F48424C4174}.Debug|Any CPU.ActiveCfg = Debug|Any CPU
		{03069F63-3038-4A0D-BA56-7F48424C4174}.Debug|Any CPU.Build.0 = Debug|Any CPU
		{03069F63-3038-4A0D-BA56-7F48424C4174}.Release|Any CPU.ActiveCfg = Release|Any CPU
		{03069F63-3038-4A0D-BA56-7F48424C4174}.Release|Any CPU.Build.0 = Release|Any CPU
	EndGlobalSection
	GlobalSection(SolutionProperties) = preSolution
		HideSolutionNode = FALSE
	EndGlobalSection
	GlobalSection(ExtensibilityGlobals) = postSolution
		SolutionGuid = {F10A3CE3-AA77-4B8C-A0B7-994C6CBA1040}
	EndGlobalSection
EndGlobal
